{
  "nodes": {
    "esp32": {
      "inputs": {
        "nixpkgs": [
          "nixpkgs"
        ]
      },
      "locked": {
        "lastModified": 1701449621,
        "narHash": "sha256-fzmTi+M8PzXbzYRNbz+WlCjRY/iMzQCVpX6T9kXhX58=",
        "owner": "Radiant-Industries",
        "repo": "esp32",
        "rev": "53ac9a4c071446dc9bf3e464250f5a2d3380499c",
        "type": "github"
      },
      "original": {
        "owner": "Radiant-Industries",
        "repo": "esp32",
        "type": "github"
      }
    },
    "nixpkgs": {
      "locked": {
        "lastModified": 1701253981,
        "narHash": "sha256-ztaDIyZ7HrTAfEEUt9AtTDNoCYxUdSd6NrRHaYOIxtk=",
        "owner": "NixOS",
        "repo": "nixpkgs",
        "rev": "e92039b55bcd58469325ded85d4f58dd5a4eaf58",
        "type": "github"
      },
      "original": {
        "owner": "NixOS",
        "ref": "nixos-unstable",
        "repo": "nixpkgs",
        "type": "github"
      }
    },
    "root": {
      "inputs": {
        "esp32": "esp32",
        "nixpkgs": "nixpkgs"
      }
    }
  },
  "root": "root",
  "version": 7
}
